
Microsoft Visual Studio Solution File, Format Version 12.00
# Visual Studio Version 17
VisualStudioVersion = 17.14.36414.22 d17.14
MinimumVisualStudioVersion = 10.0.40219.1
Project("{FAE04EC0-301F-11D3-BF4B-00C04F79EFBC}") = "Presentation.ConsoleApp", "Presentation.ConsoleApp\Presentation.ConsoleApp.csproj", "{7F2DDFB2-DAC9-41BA-9211-FB4D15D9BFFA}"
EndProject
Global
	GlobalSection(SolutionConfigurationPlatforms) = preSolution
		Debug|Any CPU = Debug|Any CPU
		Release|Any CPU = Release|Any CPU
	EndGlobalSection
	GlobalSection(ProjectConfigurationPlatforms) = postSolution
		{7F2DDFB2-DAC9-41BA-9211-FB4D15D9BFFA}.Debug|Any CPU.ActiveCfg = Debug|Any CPU
		{7F2DDFB2-DAC9-41BA-9211-FB4D15D9BFFA}.Debug|Any CPU.Build.0 = Debug|Any CPU
		{7F2DDFB2-DAC9-41BA-9211-FB4D15D9BFFA}.Release|Any CPU.ActiveCfg = Release|Any CPU
		{7F2DDFB2-DAC9-41BA-9211-FB4D15D9BFFA}.Release|Any CPU.Build.0 = Release|Any CPU
	EndGlobalSection
	GlobalSection(SolutionProperties) = preSolution
		HideSolutionNode = FALSE
	EndGlobalSection
	GlobalSection(ExtensibilityGlobals) = postSolution
		SolutionGuid = {F09FFE7C-CAEC-4A4A-98FA-0E5E076E32AF}
	EndGlobalSection
EndGlobal
